
Microsoft Visual Studio Solution File, Format Version 12.00
# Visual Studio 2013
VisualStudioVersion = 12.0.30723.0
MinimumVisualStudioVersion = 10.0.40219.1
Project("{FAE04EC0-301F-11D3-BF4B-00C04F79EFBC}") = "Pantry", "Pantry\Pantry.csproj", "{826E7ABB-D06C-4FA1-80FB-08ADE0EDF1E7}"
EndProject
Project("{FAE04EC0-301F-11D3-BF4B-00C04F79EFBC}") = "PantryTests", "PantryTests\PantryTests.csproj", "{E5E2A4DE-FB93-4B5E-A3C4-9EA665EED2EE}"
EndProject
Global
	GlobalSection(SolutionConfigurationPlatforms) = preSolution
		Debug|Any CPU = Debug|Any CPU
		Release|Any CPU = Release|Any CPU
	EndGlobalSection
	GlobalSection(ProjectConfigurationPlatforms) = postSolution
		{826E7ABB-D06C-4FA1-80FB-08ADE0EDF1E7}.Debug|Any CPU.ActiveCfg = Debug|Any CPU
		{826E7ABB-D06C-4FA1-80FB-08ADE0EDF1E7}.Debug|Any CPU.Build.0 = Debug|Any CPU
		{826E7ABB-D06C-4FA1-80FB-08ADE0EDF1E7}.Release|Any CPU.ActiveCfg = Release|Any CPU
		{826E7ABB-D06C-4FA1-80FB-08ADE0EDF1E7}.Release|Any CPU.Build.0 = Release|Any CPU
		{E5E2A4DE-FB93-4B5E-A3C4-9EA665EED2EE}.Debug|Any CPU.ActiveCfg = Debug|Any CPU
		{E5E2A4DE-FB93-4B5E-A3C4-9EA665EED2EE}.Debug|Any CPU.Build.0 = Debug|Any CPU
		{E5E2A4DE-FB93-4B5E-A3C4-9EA665EED2EE}.Release|Any CPU.ActiveCfg = Release|Any CPU
		{E5E2A4DE-FB93-4B5E-A3C4-9EA665EED2EE}.Release|Any CPU.Build.0 = Release|Any CPU
	EndGlobalSection
	GlobalSection(SolutionProperties) = preSolution
		HideSolutionNode = FALSE
	EndGlobalSection
EndGlobal
